{
  "name": "address-controller",
  "version": "1.0.0",
  "lockfileVersion": 3,
  "requires": true,
  "packages": {
    "": {
      "name": "address-controller",
      "version": "1.0.0",
      "license": "MIT",
      "dependencies": {
        "base": "file:../base",
        "model": "file:../model",
        "pagination": "file:../pagination",
        "redis-cache": "file:../redis-cache"
      },
      "bin": {
        "address-controller": "bin/index.js"
      }
    },
    "../base": {
      "version": "0.0.0",
      "license": "MIT",
      "bin": {
        "base": "bin/index.js"
      }
    },
    "../model": {
      "version": "0.0.0",
      "license": "MIT",
      "dependencies": {
        "db-promise": "file:../db-promise"
      },
      "bin": {
        "model": "bin/index.js"
      }
    },
    "../pagination": {
      "version": "0.0.0",
      "license": "MIT",
      "bin": {
        "pagination": "bin/index.js"
      }
    },
    "../redis-cache": {
      "version": "1.0.0",
      "license": "MIT",
      "dependencies": {
        "pagination": "file:../pagination",
        "sqlite3": "^5.1.4"
      },
      "bin": {
        "redis-cache": "bin/index.js"
      }
    },
    "node_modules/base": {
      "resolved": "../base",
      "link": true
    },
    "node_modules/model": {
      "resolved": "../model",
      "link": true
    },
    "node_modules/pagination": {
      "resolved": "../pagination",
      "link": true
    },
    "node_modules/redis-cache": {
      "resolved": "../redis-cache",
      "link": true
    }
  }
}
