{
  "name": "model",
  "version": "0.0.0",
  "lockfileVersion": 3,
  "requires": true,
  "packages": {
    "": {
      "name": "model",
      "version": "0.0.0",
      "license": "MIT",
      "dependencies": {
        "db-promise": "file:../db-promise"
      },
      "bin": {
        "model": "bin/index.js"
      }
    },
    "../db-promise": {
      "version": "0.0.0",
      "license": "MIT",
      "dependencies": {
        "sqlite3": "^5.1.4"
      },
      "bin": {
        "db-promise": "bin/index.js"
      }
    },
    "node_modules/db-promise": {
      "resolved": "../db-promise",
      "link": true
    }
  }
}
