# THIS IS AN AUTOGENERATED FILE. DO NOT EDIT THIS FILE DIRECTLY.
# yarn lockfile v1


"base@file:../base":
  version "0.0.0"
  resolved "file:../base"

"model@file:../model":
  version "0.0.0"
  resolved "file:../model"
  dependencies:
    db-promise "file:../db-promise"

"pagination@file:../pagination":
  version "0.0.0"
  resolved "file:../pagination"
